
Microsoft Visual Studio Solution File, Format Version 12.00
# Visual Studio Version 17
VisualStudioVersion = 17.3.32811.315
MinimumVisualStudioVersion = 10.0.40219.1
Project("{2150E333-8FDC-42A3-9474-1A3956D46DE8}") = "BookingService", "BookingService", "{B109BC50-4E9E-4807-971A-14425854C78F}"
EndProject
Project("{2150E333-8FDC-42A3-9474-1A3956D46DE8}") = "PaymentService", "PaymentService", "{F6C6D395-9E9D-48AD-86BB-AF915F01191B}"
EndProject
Project("{2150E333-8FDC-42A3-9474-1A3956D46DE8}") = "Adapters", "Adapters", "{DAD840F9-DBA4-4E5C-938F-0615510053F5}"
EndProject
Project("{2150E333-8FDC-42A3-9474-1A3956D46DE8}") = "Consumers", "Consumers", "{662AE366-4BE9-476E-A76C-5C70517EB8E1}"
EndProject
Project("{2150E333-8FDC-42A3-9474-1A3956D46DE8}") = "Core", "Core", "{9C2B036E-6AEE-4B1F-91E8-A1976E8900B2}"
EndProject
Project("{2150E333-8FDC-42A3-9474-1A3956D46DE8}") = "Application", "Application", "{3BA9C891-385B-4304-9AE2-CC914F8A25C0}"
EndProject
Project("{2150E333-8FDC-42A3-9474-1A3956D46DE8}") = "Domain", "Domain", "{62B4B587-035D-4D79-9F65-B06EBC2C34AE}"
EndProject
Project("{2150E333-8FDC-42A3-9474-1A3956D46DE8}") = "Tests", "Tests", "{F06FB552-56DD-4D83-A31D-A654F25BFF45}"
EndProject
Project("{9A19103F-16F7-4668-BE54-9A1E7A4F7556}") = "Domain", "BookingService\Core\Domain\Domain.csproj", "{4D208B66-377B-414E-8A20-3EAAB6060A6F}"
EndProject
Project("{2150E333-8FDC-42A3-9474-1A3956D46DE8}") = "Domain", "Domain", "{76F7D7AD-C236-4BC6-8457-F3EDA3333156}"
EndProject
Project("{9A19103F-16F7-4668-BE54-9A1E7A4F7556}") = "Domain", "BookingService\Tests\Domain\Domain.csproj", "{B3A12879-7812-4E8A-BF3E-C62B8D0D4DA7}"
EndProject
Project("{2150E333-8FDC-42A3-9474-1A3956D46DE8}") = "Application", "Application", "{330EC92C-ABB1-41A3-A689-02A7F4592D7B}"
EndProject
Project("{9A19103F-16F7-4668-BE54-9A1E7A4F7556}") = "Application", "BookingService\Tests\Application\Application.csproj", "{B51B1D1F-6BBB-4FCA-99B7-EC4E162FAC92}"
EndProject
Project("{2150E333-8FDC-42A3-9474-1A3956D46DE8}") = "Adapters", "Adapters", "{0BE40603-A281-4001-9691-221F6A0E66FB}"
EndProject
Project("{9A19103F-16F7-4668-BE54-9A1E7A4F7556}") = "Adapters", "BookingService\Tests\Adapters\Adapters.csproj", "{89B66F50-EA67-4FCC-B71E-AFFCCA45BE1F}"
EndProject
Project("{9A19103F-16F7-4668-BE54-9A1E7A4F7556}") = "API", "BookingService\Consumers\API\API.csproj", "{874808D7-8C42-4EEC-BB1C-CA19211CA9E3}"
EndProject
Project("{9A19103F-16F7-4668-BE54-9A1E7A4F7556}") = "Data", "BookingService\Adapters\Data\Data.csproj", "{91753D7B-21F4-41A4-8260-8B072B48DB86}"
EndProject
Project("{9A19103F-16F7-4668-BE54-9A1E7A4F7556}") = "Application", "BookingService\Core\Application\Application.csproj", "{98F1A838-D804-4BD6-8ABF-4038ADE19D1B}"
EndProject
Global
	GlobalSection(SolutionConfigurationPlatforms) = preSolution
		Debug|Any CPU = Debug|Any CPU
		Release|Any CPU = Release|Any CPU
	EndGlobalSection
	GlobalSection(ProjectConfigurationPlatforms) = postSolution
		{4D208B66-377B-414E-8A20-3EAAB6060A6F}.Debug|Any CPU.ActiveCfg = Debug|Any CPU
		{4D208B66-377B-414E-8A20-3EAAB6060A6F}.Debug|Any CPU.Build.0 = Debug|Any CPU
		{4D208B66-377B-414E-8A20-3EAAB6060A6F}.Release|Any CPU.ActiveCfg = Release|Any CPU
		{4D208B66-377B-414E-8A20-3EAAB6060A6F}.Release|Any CPU.Build.0 = Release|Any CPU
		{B3A12879-7812-4E8A-BF3E-C62B8D0D4DA7}.Debug|Any CPU.ActiveCfg = Debug|Any CPU
		{B3A12879-7812-4E8A-BF3E-C62B8D0D4DA7}.Debug|Any CPU.Build.0 = Debug|Any CPU
		{B3A12879-7812-4E8A-BF3E-C62B8D0D4DA7}.Release|Any CPU.ActiveCfg = Release|Any CPU
		{B3A12879-7812-4E8A-BF3E-C62B8D0D4DA7}.Release|Any CPU.Build.0 = Release|Any CPU
		{B51B1D1F-6BBB-4FCA-99B7-EC4E162FAC92}.Debug|Any CPU.ActiveCfg = Debug|Any CPU
		{B51B1D1F-6BBB-4FCA-99B7-EC4E162FAC92}.Debug|Any CPU.Build.0 = Debug|Any CPU
		{B51B1D1F-6BBB-4FCA-99B7-EC4E162FAC92}.Release|Any CPU.ActiveCfg = Release|Any CPU
		{B51B1D1F-6BBB-4FCA-99B7-EC4E162FAC92}.Release|Any CPU.Build.0 = Release|Any CPU
		{89B66F50-EA67-4FCC-B71E-AFFCCA45BE1F}.Debug|Any CPU.ActiveCfg = Debug|Any CPU
		{89B66F50-EA67-4FCC-B71E-AFFCCA45BE1F}.Debug|Any CPU.Build.0 = Debug|Any CPU
		{89B66F50-EA67-4FCC-B71E-AFFCCA45BE1F}.Release|Any CPU.ActiveCfg = Release|Any CPU
		{89B66F50-EA67-4FCC-B71E-AFFCCA45BE1F}.Release|Any CPU.Build.0 = Release|Any CPU
		{874808D7-8C42-4EEC-BB1C-CA19211CA9E3}.Debug|Any CPU.ActiveCfg = Debug|Any CPU
		{874808D7-8C42-4EEC-BB1C-CA19211CA9E3}.Debug|Any CPU.Build.0 = Debug|Any CPU
		{874808D7-8C42-4EEC-BB1C-CA19211CA9E3}.Release|Any CPU.ActiveCfg = Release|Any CPU
		{874808D7-8C42-4EEC-BB1C-CA19211CA9E3}.Release|Any CPU.Build.0 = Release|Any CPU
		{91753D7B-21F4-41A4-8260-8B072B48DB86}.Debug|Any CPU.ActiveCfg = Debug|Any CPU
		{91753D7B-21F4-41A4-8260-8B072B48DB86}.Debug|Any CPU.Build.0 = Debug|Any CPU
		{91753D7B-21F4-41A4-8260-8B072B48DB86}.Release|Any CPU.ActiveCfg = Release|Any CPU
		{91753D7B-21F4-41A4-8260-8B072B48DB86}.Release|Any CPU.Build.0 = Release|Any CPU
		{98F1A838-D804-4BD6-8ABF-4038ADE19D1B}.Debug|Any CPU.ActiveCfg = Debug|Any CPU
		{98F1A838-D804-4BD6-8ABF-4038ADE19D1B}.Debug|Any CPU.Build.0 = Debug|Any CPU
		{98F1A838-D804-4BD6-8ABF-4038ADE19D1B}.Release|Any CPU.ActiveCfg = Release|Any CPU
		{98F1A838-D804-4BD6-8ABF-4038ADE19D1B}.Release|Any CPU.Build.0 = Release|Any CPU
	EndGlobalSection
	GlobalSection(SolutionProperties) = preSolution
		HideSolutionNode = FALSE
	EndGlobalSection
	GlobalSection(NestedProjects) = preSolution
		{DAD840F9-DBA4-4E5C-938F-0615510053F5} = {B109BC50-4E9E-4807-971A-14425854C78F}
		{662AE366-4BE9-476E-A76C-5C70517EB8E1} = {B109BC50-4E9E-4807-971A-14425854C78F}
		{9C2B036E-6AEE-4B1F-91E8-A1976E8900B2} = {B109BC50-4E9E-4807-971A-14425854C78F}
		{3BA9C891-385B-4304-9AE2-CC914F8A25C0} = {9C2B036E-6AEE-4B1F-91E8-A1976E8900B2}
		{62B4B587-035D-4D79-9F65-B06EBC2C34AE} = {9C2B036E-6AEE-4B1F-91E8-A1976E8900B2}
		{F06FB552-56DD-4D83-A31D-A654F25BFF45} = {B109BC50-4E9E-4807-971A-14425854C78F}
		{4D208B66-377B-414E-8A20-3EAAB6060A6F} = {62B4B587-035D-4D79-9F65-B06EBC2C34AE}
		{76F7D7AD-C236-4BC6-8457-F3EDA3333156} = {F06FB552-56DD-4D83-A31D-A654F25BFF45}
		{B3A12879-7812-4E8A-BF3E-C62B8D0D4DA7} = {76F7D7AD-C236-4BC6-8457-F3EDA3333156}
		{330EC92C-ABB1-41A3-A689-02A7F4592D7B} = {F06FB552-56DD-4D83-A31D-A654F25BFF45}
		{B51B1D1F-6BBB-4FCA-99B7-EC4E162FAC92} = {330EC92C-ABB1-41A3-A689-02A7F4592D7B}
		{0BE40603-A281-4001-9691-221F6A0E66FB} = {F06FB552-56DD-4D83-A31D-A654F25BFF45}
		{89B66F50-EA67-4FCC-B71E-AFFCCA45BE1F} = {0BE40603-A281-4001-9691-221F6A0E66FB}
		{874808D7-8C42-4EEC-BB1C-CA19211CA9E3} = {662AE366-4BE9-476E-A76C-5C70517EB8E1}
		{91753D7B-21F4-41A4-8260-8B072B48DB86} = {DAD840F9-DBA4-4E5C-938F-0615510053F5}
		{98F1A838-D804-4BD6-8ABF-4038ADE19D1B} = {3BA9C891-385B-4304-9AE2-CC914F8A25C0}
	EndGlobalSection
	GlobalSection(ExtensibilityGlobals) = postSolution
		SolutionGuid = {99772707-CE8D-4BA6-AB98-87046CD84D3F}
	EndGlobalSection
EndGlobal
